
Microsoft Visual Studio Solution File, Format Version 12.00
# Visual Studio Version 17
VisualStudioVersion = 17.14.36414.22 d17.14
MinimumVisualStudioVersion = 10.0.40219.1
Project("{F184B08F-C81C-45F6-A57F-5ABD9991F28F}") = "RedInnDynamicPricingLinux", "RedInnDynamicPricingLinux.vbproj", "{EBFF6A79-69FA-429C-858D-67D18CFC8CE7}"
EndProject
Global
	GlobalSection(SolutionConfigurationPlatforms) = preSolution
		Debug|Any CPU = Debug|Any CPU
		Release|Any CPU = Release|Any CPU
	EndGlobalSection
	GlobalSection(ProjectConfigurationPlatforms) = postSolution
		{EBFF6A79-69FA-429C-858D-67D18CFC8CE7}.Debug|Any CPU.ActiveCfg = Debug|Any CPU
		{EBFF6A79-69FA-429C-858D-67D18CFC8CE7}.Debug|Any CPU.Build.0 = Debug|Any CPU
		{EBFF6A79-69FA-429C-858D-67D18CFC8CE7}.Release|Any CPU.ActiveCfg = Release|Any CPU
		{EBFF6A79-69FA-429C-858D-67D18CFC8CE7}.Release|Any CPU.Build.0 = Release|Any CPU
	EndGlobalSection
	GlobalSection(SolutionProperties) = preSolution
		HideSolutionNode = FALSE
	EndGlobalSection
	GlobalSection(ExtensibilityGlobals) = postSolution
		SolutionGuid = {7107FB11-89B0-4902-BE93-8093966E5DED}
	EndGlobalSection
EndGlobal
